// !$*UTF8*$!
{
	archiveVersion = 1;
	classes = {
	};
	objectVersion = 46;
	objects = {

/* Begin PBXBuildFile section */
		614C1AE41BBDF7710045FFF0 /* AppDelegate.swift in Sources */ = {isa = PBXBuildFile; fileRef = 614C1AE31BBDF7710045FFF0 /* AppDelegate.swift */; };
		614C1AE61BBDF7710045FFF0 /* ViewController.swift in Sources */ = {isa = PBXBuildFile; fileRef = 614C1AE51BBDF7710045FFF0 /* ViewController.swift */; };
		614C1AE91BBDF7710045FFF0 /* Main.storyboard in Resources */ = {isa = PBXBuildFile; fileRef = 614C1AE71BBDF7710045FFF0 /* Main.storyboard */; };
		614C1AEB1BBDF7710045FFF0 /* Assets.xcassets in Resources */ = {isa = PBXBuildFile; fileRef = 614C1AEA1BBDF7710045FFF0 /* Assets.xcassets */; };
		614C1AEE1BBDF7710045FFF0 /* LaunchScreen.storyboard in Resources */ = {isa = PBXBuildFile; fileRef = 614C1AEC1BBDF7710045FFF0 /* LaunchScreen.storyboard */; };
/* End PBXBuildFile section */

/* Begin PBXFileReference section */
		614C1AE01BBDF7710045FFF0 /* Store Search.app */ = {isa = PBXFileReference; explicitFileType = wrapper.application; includeInIndex = 0; path = "Store Search.app"; sourceTree = BUILT_PRODUCTS_DIR; };
		614C1AE31BBDF7710045FFF0 /* AppDelegate.swift */ = {isa = PBXFileReference; lastKnownFileType = sourcecode.swift; path = AppDelegate.swift; sourceTree = "<group>"; };
		614C1AE51BBDF7710045FFF0 /* ViewController.swift */ = {isa = PBXFileReference; lastKnownFileType = sourcecode.swift; path = ViewController.swift; sourceTree = "<group>"; };
		614C1AE81BBDF7710045FFF0 /* Base */ = {isa = PBXFileReference; lastKnownFileType = file.storyboard; name = Base; path = Base.lproj/Main.storyboard; sourceTree = "<group>"; };
		614C1AEA1BBDF7710045FFF0 /* Assets.xcassets */ = {isa = PBXFileReference; lastKnownFileType = folder.assetcatalog; path = Assets.xcassets; sourceTree = "<group>"; };
		614C1AED1BBDF7710045FFF0 /* Base */ = {isa = PBXFileReference; lastKnownFileType = file.storyboard; name = Base; path = Base.lproj/LaunchScreen.storyboard; sourceTree = "<group>"; };
		614C1AEF1BBDF7710045FFF0 /* Info.plist */ = {isa = PBXFileReference; lastKnownFileType = text.plist.xml; path = Info.plist; sourceTree = "<group>"; };
/* End PBXFileReference section */

/* Begin PBXFrameworksBuildPhase section */
		614C1ADD1BBDF7710045FFF0 /* Frameworks */ = {
			isa = PBXFrameworksBuildPhase;
			buildActionMask = 2147483647;
			files = (
			);
			runOnlyForDeploymentPostprocessing = 0;
		};
/* End PBXFrameworksBuildPhase section */

/* Begin PBXGroup section */
		614C1AD71BBDF7710045FFF0 = {
			isa = PBXGroup;
			children = (
				614C1AE21BBDF7710045FFF0 /* Store Search */,
				614C1AE11BBDF7710045FFF0 /* Products */,
			);
			sourceTree = "<group>";
		};
		614C1AE11BBDF7710045FFF0 /* Products */ = {
			isa = PBXGroup;
			children = (
				614C1AE01BBDF7710045FFF0 /* Store Search.app */,
			);
			name = Products;
			sourceTree = "<group>";
		};
		614C1AE21BBDF7710045FFF0 /* Store Search */ = {
			isa = PBXGroup;
			children = (
				614C1AE31BBDF7710045FFF0 /* AppDelegate.swift */,
				614C1AE51BBDF7710045FFF0 /* ViewController.swift */,
				614C1AE71BBDF7710045FFF0 /* Main.storyboard */,
				614C1AEA1BBDF7710045FFF0 /* Assets.xcassets */,
				614C1AEC1BBDF7710045FFF0 /* LaunchScreen.storyboard */,
				614C1AEF1BBDF7710045FFF0 /* Info.plist */,
			);
			path = "Store Search";
			sourceTree = "<group>";
		};
/* End PBXGroup section */

/* Begin PBXNativeTarget section */
		614C1ADF1BBDF7710045FFF0 /* Store Search */ = {
			isa = PBXNativeTarget;
			buildConfigurationList = 614C1AF21BBDF7710045FFF0 /* Build configuration list for PBXNativeTarget "Store Search" */;
			buildPhases = (
				614C1ADC1BBDF7710045FFF0 /* Sources */,
				614C1ADD1BBDF7710045FFF0 /* Frameworks */,
				614C1ADE1BBDF7710045FFF0 /* Resources */,
			);
			buildRules = (
			);
			dependencies = (
			);
			name = "Store Search";
			productName = "Store Search";
			productReference = 614C1AE01BBDF7710045FFF0 /* Store Search.app */;
			productType = "com.apple.product-type.application";
		};
/* End PBXNativeTarget section */

/* Begin PBXProject section */
		614C1AD81BBDF7710045FFF0 /* Project object */ = {
			isa = PBXProject;
			attributes = {
				LastUpgradeCheck = 0700;
				ORGANIZATIONNAME = "Second Wind, LLC";
				TargetAttributes = {
					614C1ADF1BBDF7710045FFF0 = {
						CreatedOnToolsVersion = 7.0;
					};
				};
			};
			buildConfigurationList = 614C1ADB1BBDF7710045FFF0 /* Build configuration list for PBXProject "Store Search" */;
			compatibilityVersion = "Xcode 3.2";
			developmentRegion = English;
			hasScannedForEncodings = 0;
			knownRegions = (
				en,
				Base,
			);
			mainGroup = 614C1AD71BBDF7710045FFF0;
			productRefGroup = 614C1AE11BBDF7710045FFF0 /* Products */;
			projectDirPath = "";
			projectRoot = "";
			targets = (
				614C1ADF1BBDF7710045FFF0 /* Store Search */,
			);
		};
/* End PBXProject section */

/* Begin PBXResourcesBuildPhase section */
		614C1ADE1BBDF7710045FFF0 /* Resources */ = {
			isa = PBXResourcesBuildPhase;
			buildActionMask = 2147483647;
			files = (
				614C1AEE1BBDF7710045FFF0 /* LaunchScreen.storyboard in Resources */,
				614C1AEB1BBDF7710045FFF0 /* Assets.xcassets in Resources */,
				614C1AE91BBDF7710045FFF0 /* Main.storyboard in Resources */,
			);
			runOnlyForDeploymentPostprocessing = 0;
		};
/* End PBXResourcesBuildPhase section */

/* Begin PBXSourcesBuildPhase section */
		614C1ADC1BBDF7710045FFF0 /* Sources */ = {
			isa = PBXSourcesBuildPhase;
			buildActionMask = 2147483647;
			files = (
				614C1AE61BBDF7710045FFF0 /* ViewController.swift in Sources */,
				614C1AE41BBDF7710045FFF0 /* AppDelegate.swift in Sources */,
			);
			runOnlyForDeploymentPostprocessing = 0;
		};
/* End PBXSourcesBuildPhase section */

/* Begin PBXVariantGroup section */
		614C1AE71BBDF7710045FFF0 /* Main.storyboard */ = {
			isa = PBXVariantGroup;
			children = (
				614C1AE81BBDF7710045FFF0 /* Base */,
			);
			name = Main.storyboard;
			sourceTree = "<group>";
		};
		614C1AEC1BBDF7710045FFF0 /* LaunchScreen.storyboard */ = {
			isa = PBXVariantGroup;
			children = (
				614C1AED1BBDF7710045FFF0 /* Base */,
			);
			name = LaunchScreen.storyboard;
			sourceTree = "<group>";
		};
/* End PBXVariantGroup section */

/* Begin XCBuildConfiguration section */
		614C1AF01BBDF7710045FFF0 /* Debug */ = {
			isa = XCBuildConfiguration;
			buildSettings = {
				ALWAYS_SEARCH_USER_PATHS = NO;
				CLANG_CXX_LANGUAGE_STANDARD = "gnu++0x";
				CLANG_CXX_LIBRARY = "libc++";
				CLANG_ENABLE_MODULES = YES;
				CLANG_ENABLE_OBJC_ARC = YES;
				CLANG_WARN_BOOL_CONVERSION = YES;
				CLANG_WARN_CONSTANT_CONVERSION = YES;
				CLANG_WARN_DIRECT_OBJC_ISA_USAGE = YES_ERROR;
				CLANG_WARN_EMPTY_BODY = YES;
				CLANG_WARN_ENUM_CONVERSION = YES;
				CLANG_WARN_INT_CONVERSION = YES;
				CLANG_WARN_OBJC_ROOT_CLASS = YES_ERROR;
				CLANG_WARN_UNREACHABLE_CODE = YES;
				CLANG_WARN__DUPLICATE_METHOD_MATCH = YES;
				"CODE_SIGN_IDENTITY[sdk=iphoneos*]" = "iPhone Developer";
				COPY_PHASE_STRIP = NO;
				DEBUG_INFORMATION_FORMAT = dwarf;
				ENABLE_STRICT_OBJC_MSGSEND = YES;
				ENABLE_TESTABILITY = YES;
				GCC_C_LANGUAGE_STANDARD = gnu99;
				GCC_DYNAMIC_NO_PIC = NO;
				GCC_NO_COMMON_BLOCKS = YES;
				GCC_OPTIMIZATION_LEVEL = 0;
				GCC_PREPROCESSOR_DEFINITIONS = (
					"DEBUG=1",
					"$(inherited)",
				);
				GCC_WARN_64_TO_32_BIT_CONVERSION = YES;
				GCC_WARN_ABOUT_RETURN_TYPE = YES_ERROR;
				GCC_WARN_UNDECLARED_SELECTOR = YES;
				GCC_WARN_UNINITIALIZED_AUTOS = YES_AGGRESSIVE;
				GCC_WARN_UNUSED_FUNCTION = YES;
				GCC_WARN_UNUSED_VARIABLE = YES;
				IPHONEOS_DEPLOYMENT_TARGET = 9.0;
				MTL_ENABLE_DEBUG_INFO = YES;
				ONLY_ACTIVE_ARCH = YES;
				SDKROOT = iphoneos;
				SWIFT_OPTIMIZATION_LEVEL = "-Onone";
			};
			name = Debug;
		};
		614C1AF11BBDF7710045FFF0 /* Release */ = {
			isa = XCBuildConfiguration;
			buildSettings = {
				ALWAYS_SEARCH_USER_PATHS = NO;
				CLANG_CXX_LANGUAGE_STANDARD = "gnu++0x";
				CLANG_CXX_LIBRARY = "libc++";
				CLANG_ENABLE_MODULES = YES;
				CLANG_ENABLE_OBJC_ARC = YES;
				CLANG_WARN_BOOL_CONVERSION = YES;
				CLANG_WARN_CONSTANT_CONVERSION = YES;
				CLANG_WARN_DIRECT_OBJC_ISA_USAGE = YES_ERROR;
				CLANG_WARN_EMPTY_BODY = YES;
				CLANG_WARN_ENUM_CONVERSION = YES;
				CLANG_WARN_INT_CONVERSION = YES;
				CLANG_WARN_OBJC_ROOT_CLASS = YES_ERROR;
				CLANG_WARN_UNREACHABLE_CODE = YES;
				CLANG_WARN__DUPLICATE_METHOD_MATCH = YES;
				"CODE_SIGN_IDENTITY[sdk=iphoneos*]" = "iPhone Developer";
				COPY_PHASE_STRIP = NO;
				DEBUG_INFORMATION_FORMAT = "dwarf-with-dsym";
				ENABLE_NS_ASSERTIONS = NO;
				ENABLE_STRICT_OBJC_MSGSEND = YES;
				GCC_C_LANGUAGE_STANDARD = gnu99;
				GCC_NO_COMMON_BLOCKS = YES;
				GCC_WARN_64_TO_32_BIT_CONVERSION = YES;
				GCC_WARN_ABOUT_RETURN_TYPE = YES_ERROR;
				GCC_WARN_UNDECLARED_SELECTOR = YES;
				GCC_WARN_UNINITIALIZED_AUTOS = YES_AGGRESSIVE;
				GCC_WARN_UNUSED_FUNCTION = YES;
				GCC_WARN_UNUSED_VARIABLE = YES;
				IPHONEOS_DEPLOYMENT_TARGET = 9.0;
				MTL_ENABLE_DEBUG_INFO = NO;
				SDKROOT = iphoneos;
				VALIDATE_PRODUCT = YES;
			};
			name = Release;
		};
		614C1AF31BBDF7710045FFF0 /* Debug */ = {
			isa = XCBuildConfiguration;
			buildSettings = {
				ASSETCATALOG_COMPILER_APPICON_NAME = AppIcon;
				INFOPLIST_FILE = "Store Search/Info.plist";
				LD_RUNPATH_SEARCH_PATHS = "$(inherited) @executable_path/Frameworks";
				PRODUCT_BUNDLE_IDENTIFIER = "SecondWind.Store-Search";
				PRODUCT_NAME = "$(TARGET_NAME)";
			};
			name = Debug;
		};
		614C1AF41BBDF7710045FFF0 /* Release */ = {
			isa = XCBuildConfiguration;
			buildSettings = {
				ASSETCATALOG_COMPILER_APPICON_NAME = AppIcon;
				INFOPLIST_FILE = "Store Search/Info.plist";
				LD_RUNPATH_SEARCH_PATHS = "$(inherited) @executable_path/Frameworks";
				PRODUCT_BUNDLE_IDENTIFIER = "SecondWind.Store-Search";
				PRODUCT_NAME = "$(TARGET_NAME)";
			};
			name = Release;
		};
/* End XCBuildConfiguration section */

/* Begin XCConfigurationList section */
		614C1ADB1BBDF7710045FFF0 /* Build configuration list for PBXProject "Store Search" */ = {
			isa = XCConfigurationList;
			buildConfigurations = (
				614C1AF01BBDF7710045FFF0 /* Debug */,
				614C1AF11BBDF7710045FFF0 /* Release */,
			);
			defaultConfigurationIsVisible = 0;
			defaultConfigurationName = Release;
		};
		614C1AF21BBDF7710045FFF0 /* Build configuration list for PBXNativeTarget "Store Search" */ = {
			isa = XCConfigurationList;
			buildConfigurations = (
				614C1AF31BBDF7710045FFF0 /* Debug */,
				614C1AF41BBDF7710045FFF0 /* Release */,
			);
			defaultConfigurationIsVisible = 0;
		};
/* End XCConfigurationList section */
	};
	rootObject = 614C1AD81BBDF7710045FFF0 /* Project object */;
}
